
Microsoft Visual Studio Solution File, Format Version 12.00
# Visual Studio Version 17
VisualStudioVersion = 17.3.32922.545
MinimumVisualStudioVersion = 10.0.40219.1
Project("{FAE04EC0-301F-11D3-BF4B-00C04F79EFBC}") = "hello_world", "hello_world\hello_world.csproj", "{1886AC59-2E47-4D0D-A413-26023064B598}"
EndProject
Global
	GlobalSection(SolutionConfigurationPlatforms) = preSolution
		Debug|Any CPU = Debug|Any CPU
		Release|Any CPU = Release|Any CPU
	EndGlobalSection
	GlobalSection(ProjectConfigurationPlatforms) = postSolution
		{1886AC59-2E47-4D0D-A413-26023064B598}.Debug|Any CPU.ActiveCfg = Debug|Any CPU
		{1886AC59-2E47-4D0D-A413-26023064B598}.Debug|Any CPU.Build.0 = Debug|Any CPU
		{1886AC59-2E47-4D0D-A413-26023064B598}.Release|Any CPU.ActiveCfg = Release|Any CPU
		{1886AC59-2E47-4D0D-A413-26023064B598}.Release|Any CPU.Build.0 = Release|Any CPU
	EndGlobalSection
	GlobalSection(SolutionProperties) = preSolution
		HideSolutionNode = FALSE
	EndGlobalSection
	GlobalSection(ExtensibilityGlobals) = postSolution
		SolutionGuid = {E903C844-C91B-4EDE-AB69-6FBB7521A101}
	EndGlobalSection
EndGlobal
