
Microsoft Visual Studio Solution File, Format Version 12.00
# Visual Studio Version 17
VisualStudioVersion = 17.3.32922.545
MinimumVisualStudioVersion = 10.0.40219.1
Project("{FAE04EC0-301F-11D3-BF4B-00C04F79EFBC}") = "zadacha1_ani", "zadacha1_ani\zadacha1_ani.csproj", "{C68B6091-7AB2-4A68-ACA3-F6C3AC27D463}"
EndProject
Global
	GlobalSection(SolutionConfigurationPlatforms) = preSolution
		Debug|Any CPU = Debug|Any CPU
		Release|Any CPU = Release|Any CPU
	EndGlobalSection
	GlobalSection(ProjectConfigurationPlatforms) = postSolution
		{C68B6091-7AB2-4A68-ACA3-F6C3AC27D463}.Debug|Any CPU.ActiveCfg = Debug|Any CPU
		{C68B6091-7AB2-4A68-ACA3-F6C3AC27D463}.Debug|Any CPU.Build.0 = Debug|Any CPU
		{C68B6091-7AB2-4A68-ACA3-F6C3AC27D463}.Release|Any CPU.ActiveCfg = Release|Any CPU
		{C68B6091-7AB2-4A68-ACA3-F6C3AC27D463}.Release|Any CPU.Build.0 = Release|Any CPU
	EndGlobalSection
	GlobalSection(SolutionProperties) = preSolution
		HideSolutionNode = FALSE
	EndGlobalSection
	GlobalSection(ExtensibilityGlobals) = postSolution
		SolutionGuid = {06D9D956-0772-45D3-9B9A-E730E0A3195A}
	EndGlobalSection
EndGlobal
